{
  "name": "Kelp2.0",
  "lockfileVersion": 2,
  "requires": true,
  "packages": {
    "": {
      "dependencies": {
        "fuse.js": "^7.0.0"
      },
      "devDependencies": {
        "@faker-js/faker": "^8.3.1"
      }
    },
    "node_modules/@faker-js/faker": {
      "version": "8.3.1",
      "resolved": "https://registry.npmjs.org/@faker-js/faker/-/faker-8.3.1.tgz",
      "integrity": "sha512-FdgpFxY6V6rLZE9mmIBb9hM0xpfvQOSNOLnzolzKwsE1DH+gC7lEKV1p1IbR0lAYyvYd5a4u3qWJzowUkw1bIw==",
      "dev": true,
      "funding": [
        {
          "type": "opencollective",
          "url": "https://opencollective.com/fakerjs"
        }
      ],
      "engines": {
        "node": "^14.17.0 || ^16.13.0 || >=18.0.0",
        "npm": ">=6.14.13"
      }
    },
    "node_modules/fuse.js": {
      "version": "7.0.0",
      "resolved": "https://registry.npmjs.org/fuse.js/-/fuse.js-7.0.0.tgz",
      "integrity": "sha512-14F4hBIxqKvD4Zz/XjDc3y94mNZN6pRv3U13Udo0lNLCWRBUsrMv2xwcF/y/Z5sV6+FQW+/ow68cHpm4sunt8Q==",
      "engines": {
        "node": ">=10"
      }
    }
  },
  "dependencies": {
    "@faker-js/faker": {
      "version": "8.3.1",
      "resolved": "https://registry.npmjs.org/@faker-js/faker/-/faker-8.3.1.tgz",
      "integrity": "sha512-FdgpFxY6V6rLZE9mmIBb9hM0xpfvQOSNOLnzolzKwsE1DH+gC7lEKV1p1IbR0lAYyvYd5a4u3qWJzowUkw1bIw==",
      "dev": true
    },
    "fuse.js": {
      "version": "7.0.0",
      "resolved": "https://registry.npmjs.org/fuse.js/-/fuse.js-7.0.0.tgz",
      "integrity": "sha512-14F4hBIxqKvD4Zz/XjDc3y94mNZN6pRv3U13Udo0lNLCWRBUsrMv2xwcF/y/Z5sV6+FQW+/ow68cHpm4sunt8Q=="
    }
  }
}
